{
  "name": "EaseMotion-css",
  "lockfileVersion": 3,
  "requires": true,
  "packages": {
    "": {
      "dependencies": {
        "easemotion-css": "^1.0.0"
      }
    },
    "node_modules/easemotion-css": {
      "version": "1.0.0",
      "resolved": "https://registry.npmjs.org/easemotion-css/-/easemotion-css-1.0.0.tgz",
      "integrity": "sha512-2t037jVVFxcZ9P3q19wsQ5DHOwYMPAECHb21aIHjF8VGCJtit6V0fzG/lHr8+4lGWAUzGV1jwbgqRX/8Cvyl4Q==",
      "license": "MIT"
    }
  }
}
